// !$*UTF8*$!
{
	archiveVersion = 1;
	classes = {
	};
	objectVersion = 48;
	objects = {

/* Begin PBXBuildFile section */
		68755B1A1F904F4C00898284 /* AppDelegate.swift in Sources */ = {isa = PBXBuildFile; fileRef = 68755B191F904F4C00898284 /* AppDelegate.swift */; };
		68755B1C1F904F4C00898284 /* ViewController.swift in Sources */ = {isa = PBXBuildFile; fileRef = 68755B1B1F904F4C00898284 /* ViewController.swift */; };
		68755B1F1F904F4C00898284 /* Main.storyboard in Resources */ = {isa = PBXBuildFile; fileRef = 68755B1D1F904F4C00898284 /* Main.storyboard */; };
		68755B221F904F4C00898284 /* Gdims.xcdatamodeld in Sources */ = {isa = PBXBuildFile; fileRef = 68755B201F904F4C00898284 /* Gdims.xcdatamodeld */; };
		68755B241F904F4C00898284 /* Assets.xcassets in Resources */ = {isa = PBXBuildFile; fileRef = 68755B231F904F4C00898284 /* Assets.xcassets */; };
		68755B271F904F4D00898284 /* LaunchScreen.storyboard in Resources */ = {isa = PBXBuildFile; fileRef = 68755B251F904F4D00898284 /* LaunchScreen.storyboard */; };
		A0F10FD81F9066CD00732A12 /* InfoRealm.swift in Sources */ = {isa = PBXBuildFile; fileRef = A0F10FD71F9066CD00732A12 /* InfoRealm.swift */; };
		A0F10FDA1F9066F200732A12 /* InfoModel.swift in Sources */ = {isa = PBXBuildFile; fileRef = A0F10FD91F9066F200732A12 /* InfoModel.swift */; };
		A0F10FDC1F90671500732A12 /* BaseModel.swift in Sources */ = {isa = PBXBuildFile; fileRef = A0F10FDB1F90671500732A12 /* BaseModel.swift */; };
		A0F10FDE1F90674C00732A12 /* Api.swift in Sources */ = {isa = PBXBuildFile; fileRef = A0F10FDD1F90674C00732A12 /* Api.swift */; };
		A0F10FE01F90677300732A12 /* UserDefaultUtils.swift in Sources */ = {isa = PBXBuildFile; fileRef = A0F10FDF1F90677300732A12 /* UserDefaultUtils.swift */; };
		A0F10FE21F9067BF00732A12 /* HomepageView.swift in Sources */ = {isa = PBXBuildFile; fileRef = A0F10FE11F9067BF00732A12 /* HomepageView.swift */; };
		A805A05EA75E682FEA42A6C7 /* Pods_Gdims.framework in Frameworks */ = {isa = PBXBuildFile; fileRef = 6F3D7687F20D94359096A346 /* Pods_Gdims.framework */; };
/* End PBXBuildFile section */

/* Begin PBXFileReference section */
		1CCECCEC1803E61786B8B4BA /* Pods-Gdims.debug.xcconfig */ = {isa = PBXFileReference; includeInIndex = 1; lastKnownFileType = text.xcconfig; name = "Pods-Gdims.debug.xcconfig"; path = "Pods/Target Support Files/Pods-Gdims/Pods-Gdims.debug.xcconfig"; sourceTree = "<group>"; };
		64D376D776F5A7C86817B200 /* Pods-Gdims.release.xcconfig */ = {isa = PBXFileReference; includeInIndex = 1; lastKnownFileType = text.xcconfig; name = "Pods-Gdims.release.xcconfig"; path = "Pods/Target Support Files/Pods-Gdims/Pods-Gdims.release.xcconfig"; sourceTree = "<group>"; };
		68755B161F904F4C00898284 /* Gdims.app */ = {isa = PBXFileReference; explicitFileType = wrapper.application; includeInIndex = 0; path = Gdims.app; sourceTree = BUILT_PRODUCTS_DIR; };
		68755B191F904F4C00898284 /* AppDelegate.swift */ = {isa = PBXFileReference; lastKnownFileType = sourcecode.swift; path = AppDelegate.swift; sourceTree = "<group>"; };
		68755B1B1F904F4C00898284 /* ViewController.swift */ = {isa = PBXFileReference; lastKnownFileType = sourcecode.swift; path = ViewController.swift; sourceTree = "<group>"; };
		68755B1E1F904F4C00898284 /* Base */ = {isa = PBXFileReference; lastKnownFileType = file.storyboard; name = Base; path = Base.lproj/Main.storyboard; sourceTree = "<group>"; };
		68755B211F904F4C00898284 /* Gdims.xcdatamodel */ = {isa = PBXFileReference; lastKnownFileType = wrapper.xcdatamodel; path = Gdims.xcdatamodel; sourceTree = "<group>"; };
		68755B231F904F4C00898284 /* Assets.xcassets */ = {isa = PBXFileReference; lastKnownFileType = folder.assetcatalog; path = Assets.xcassets; sourceTree = "<group>"; };
		68755B261F904F4D00898284 /* Base */ = {isa = PBXFileReference; lastKnownFileType = file.storyboard; name = Base; path = Base.lproj/LaunchScreen.storyboard; sourceTree = "<group>"; };
		68755B281F904F4D00898284 /* Info.plist */ = {isa = PBXFileReference; lastKnownFileType = text.plist.xml; path = Info.plist; sourceTree = "<group>"; };
		6F3D7687F20D94359096A346 /* Pods_Gdims.framework */ = {isa = PBXFileReference; explicitFileType = wrapper.framework; includeInIndex = 0; path = Pods_Gdims.framework; sourceTree = BUILT_PRODUCTS_DIR; };
		A0F10FD71F9066CD00732A12 /* InfoRealm.swift */ = {isa = PBXFileReference; lastKnownFileType = sourcecode.swift; path = InfoRealm.swift; sourceTree = "<group>"; };
		A0F10FD91F9066F200732A12 /* InfoModel.swift */ = {isa = PBXFileReference; lastKnownFileType = sourcecode.swift; path = InfoModel.swift; sourceTree = "<group>"; };
		A0F10FDB1F90671500732A12 /* BaseModel.swift */ = {isa = PBXFileReference; lastKnownFileType = sourcecode.swift; path = BaseModel.swift; sourceTree = "<group>"; };
		A0F10FDD1F90674C00732A12 /* Api.swift */ = {isa = PBXFileReference; lastKnownFileType = sourcecode.swift; path = Api.swift; sourceTree = "<group>"; };
		A0F10FDF1F90677300732A12 /* UserDefaultUtils.swift */ = {isa = PBXFileReference; lastKnownFileType = sourcecode.swift; path = UserDefaultUtils.swift; sourceTree = "<group>"; };
		A0F10FE11F9067BF00732A12 /* HomepageView.swift */ = {isa = PBXFileReference; lastKnownFileType = sourcecode.swift; path = HomepageView.swift; sourceTree = "<group>"; };
/* End PBXFileReference section */

/* Begin PBXFrameworksBuildPhase section */
		68755B131F904F4C00898284 /* Frameworks */ = {
			isa = PBXFrameworksBuildPhase;
			buildActionMask = 2147483647;
			files = (
				A805A05EA75E682FEA42A6C7 /* Pods_Gdims.framework in Frameworks */,
			);
			runOnlyForDeploymentPostprocessing = 0;
		};
/* End PBXFrameworksBuildPhase section */

/* Begin PBXGroup section */
		01B08684BF4410750670AF55 /* Frameworks */ = {
			isa = PBXGroup;
			children = (
				6F3D7687F20D94359096A346 /* Pods_Gdims.framework */,
			);
			name = Frameworks;
			sourceTree = "<group>";
		};
		1A950FFDB71C9DA965B82B19 /* Pods */ = {
			isa = PBXGroup;
			children = (
				1CCECCEC1803E61786B8B4BA /* Pods-Gdims.debug.xcconfig */,
				64D376D776F5A7C86817B200 /* Pods-Gdims.release.xcconfig */,
			);
			name = Pods;
			sourceTree = "<group>";
		};
		68755B0D1F904F4C00898284 = {
			isa = PBXGroup;
			children = (
				68755B181F904F4C00898284 /* Gdims */,
				68755B171F904F4C00898284 /* Products */,
				1A950FFDB71C9DA965B82B19 /* Pods */,
				01B08684BF4410750670AF55 /* Frameworks */,
			);
			sourceTree = "<group>";
		};
		68755B171F904F4C00898284 /* Products */ = {
			isa = PBXGroup;
			children = (
				68755B161F904F4C00898284 /* Gdims.app */,
			);
			name = Products;
			sourceTree = "<group>";
		};
		68755B181F904F4C00898284 /* Gdims */ = {
			isa = PBXGroup;
			children = (
				A0F10FD51F90669F00732A12 /* view */,
				A0F10FD61F9066AB00732A12 /* utils */,
				A0F10FD41F90667300732A12 /* model */,
				68755B191F904F4C00898284 /* AppDelegate.swift */,
				68755B1B1F904F4C00898284 /* ViewController.swift */,
				68755B1D1F904F4C00898284 /* Main.storyboard */,
				68755B231F904F4C00898284 /* Assets.xcassets */,
				68755B251F904F4D00898284 /* LaunchScreen.storyboard */,
				68755B281F904F4D00898284 /* Info.plist */,
				68755B201F904F4C00898284 /* Gdims.xcdatamodeld */,
			);
			path = Gdims;
			sourceTree = "<group>";
		};
		A0F10FD41F90667300732A12 /* model */ = {
			isa = PBXGroup;
			children = (
				A0F10FD71F9066CD00732A12 /* InfoRealm.swift */,
				A0F10FD91F9066F200732A12 /* InfoModel.swift */,
				A0F10FDB1F90671500732A12 /* BaseModel.swift */,
			);
			path = model;
			sourceTree = "<group>";
		};
		A0F10FD51F90669F00732A12 /* view */ = {
			isa = PBXGroup;
			children = (
				A0F10FE11F9067BF00732A12 /* HomepageView.swift */,
			);
			path = view;
			sourceTree = "<group>";
		};
		A0F10FD61F9066AB00732A12 /* utils */ = {
			isa = PBXGroup;
			children = (
				A0F10FDD1F90674C00732A12 /* Api.swift */,
				A0F10FDF1F90677300732A12 /* UserDefaultUtils.swift */,
			);
			path = utils;
			sourceTree = "<group>";
		};
/* End PBXGroup section */

/* Begin PBXNativeTarget section */
		68755B151F904F4C00898284 /* Gdims */ = {
			isa = PBXNativeTarget;
			buildConfigurationList = 68755B2B1F904F4D00898284 /* Build configuration list for PBXNativeTarget "Gdims" */;
			buildPhases = (
				D669724D15961AE915773642 /* [CP] Check Pods Manifest.lock */,
				68755B121F904F4C00898284 /* Sources */,
				68755B131F904F4C00898284 /* Frameworks */,
				68755B141F904F4C00898284 /* Resources */,
				AE549C71632825A03FA0DB24 /* [CP] Embed Pods Frameworks */,
				5D7C22B1C16537F4A9B10331 /* [CP] Copy Pods Resources */,
			);
			buildRules = (
			);
			dependencies = (
			);
			name = Gdims;
			productName = Gdims;
			productReference = 68755B161F904F4C00898284 /* Gdims.app */;
			productType = "com.apple.product-type.application";
		};
/* End PBXNativeTarget section */

/* Begin PBXProject section */
		68755B0E1F904F4C00898284 /* Project object */ = {
			isa = PBXProject;
			attributes = {
				LastSwiftUpdateCheck = 0900;
				LastUpgradeCheck = 0900;
				ORGANIZATIONNAME = name;
				TargetAttributes = {
					68755B151F904F4C00898284 = {
						CreatedOnToolsVersion = 9.0;
						ProvisioningStyle = Automatic;
					};
				};
			};
			buildConfigurationList = 68755B111F904F4C00898284 /* Build configuration list for PBXProject "Gdims" */;
			compatibilityVersion = "Xcode 8.0";
			developmentRegion = en;
			hasScannedForEncodings = 0;
			knownRegions = (
				en,
				Base,
			);
			mainGroup = 68755B0D1F904F4C00898284;
			productRefGroup = 68755B171F904F4C00898284 /* Products */;
			projectDirPath = "";
			projectRoot = "";
			targets = (
				68755B151F904F4C00898284 /* Gdims */,
			);
		};
/* End PBXProject section */

/* Begin PBXResourcesBuildPhase section */
		68755B141F904F4C00898284 /* Resources */ = {
			isa = PBXResourcesBuildPhase;
			buildActionMask = 2147483647;
			files = (
				68755B271F904F4D00898284 /* LaunchScreen.storyboard in Resources */,
				68755B241F904F4C00898284 /* Assets.xcassets in Resources */,
				68755B1F1F904F4C00898284 /* Main.storyboard in Resources */,
			);
			runOnlyForDeploymentPostprocessing = 0;
		};
/* End PBXResourcesBuildPhase section */

/* Begin PBXShellScriptBuildPhase section */
		5D7C22B1C16537F4A9B10331 /* [CP] Copy Pods Resources */ = {
			isa = PBXShellScriptBuildPhase;
			buildActionMask = 2147483647;
			files = (
			);
			inputPaths = (
			);
			name = "[CP] Copy Pods Resources";
			outputPaths = (
			);
			runOnlyForDeploymentPostprocessing = 0;
			shellPath = /bin/sh;
			shellScript = "\"${SRCROOT}/Pods/Target Support Files/Pods-Gdims/Pods-Gdims-resources.sh\"\n";
			showEnvVarsInLog = 0;
		};
		AE549C71632825A03FA0DB24 /* [CP] Embed Pods Frameworks */ = {
			isa = PBXShellScriptBuildPhase;
			buildActionMask = 2147483647;
			files = (
			);
			inputPaths = (
				"${SRCROOT}/Pods/Target Support Files/Pods-Gdims/Pods-Gdims-frameworks.sh",
				"${BUILT_PRODUCTS_DIR}/Alamofire/Alamofire.framework",
				"${BUILT_PRODUCTS_DIR}/AlamofireObjectMapper/AlamofireObjectMapper.framework",
				"${BUILT_PRODUCTS_DIR}/ObjectMapper/ObjectMapper.framework",
				"${BUILT_PRODUCTS_DIR}/ObjectMapper+Realm/ObjectMapper_Realm.framework",
				"${BUILT_PRODUCTS_DIR}/Realm/Realm.framework",
				"${BUILT_PRODUCTS_DIR}/RealmSwift/RealmSwift.framework",
				"${BUILT_PRODUCTS_DIR}/Toast-Swift/Toast_Swift.framework",
			);
			name = "[CP] Embed Pods Frameworks";
			outputPaths = (
				"${TARGET_BUILD_DIR}/${FRAMEWORKS_FOLDER_PATH}/Alamofire.framework",
				"${TARGET_BUILD_DIR}/${FRAMEWORKS_FOLDER_PATH}/AlamofireObjectMapper.framework",
				"${TARGET_BUILD_DIR}/${FRAMEWORKS_FOLDER_PATH}/ObjectMapper.framework",
				"${TARGET_BUILD_DIR}/${FRAMEWORKS_FOLDER_PATH}/ObjectMapper_Realm.framework",
				"${TARGET_BUILD_DIR}/${FRAMEWORKS_FOLDER_PATH}/Realm.framework",
				"${TARGET_BUILD_DIR}/${FRAMEWORKS_FOLDER_PATH}/RealmSwift.framework",
				"${TARGET_BUILD_DIR}/${FRAMEWORKS_FOLDER_PATH}/Toast_Swift.framework",
			);
			runOnlyForDeploymentPostprocessing = 0;
			shellPath = /bin/sh;
			shellScript = "\"${SRCROOT}/Pods/Target Support Files/Pods-Gdims/Pods-Gdims-frameworks.sh\"\n";
			showEnvVarsInLog = 0;
		};
		D669724D15961AE915773642 /* [CP] Check Pods Manifest.lock */ = {
			isa = PBXShellScriptBuildPhase;
			buildActionMask = 2147483647;
			files = (
			);
			inputPaths = (
				"${PODS_PODFILE_DIR_PATH}/Podfile.lock",
				"${PODS_ROOT}/Manifest.lock",
			);
			name = "[CP] Check Pods Manifest.lock";
			outputPaths = (
				"$(DERIVED_FILE_DIR)/Pods-Gdims-checkManifestLockResult.txt",
			);
			runOnlyForDeploymentPostprocessing = 0;
			shellPath = /bin/sh;
			shellScript = "diff \"${PODS_PODFILE_DIR_PATH}/Podfile.lock\" \"${PODS_ROOT}/Manifest.lock\" > /dev/null\nif [ $? != 0 ] ; then\n    # print error to STDERR\n    echo \"error: The sandbox is not in sync with the Podfile.lock. Run 'pod install' or update your CocoaPods installation.\" >&2\n    exit 1\nfi\n# This output is used by Xcode 'outputs' to avoid re-running this script phase.\necho \"SUCCESS\" > \"${SCRIPT_OUTPUT_FILE_0}\"\n";
			showEnvVarsInLog = 0;
		};
/* End PBXShellScriptBuildPhase section */

/* Begin PBXSourcesBuildPhase section */
		68755B121F904F4C00898284 /* Sources */ = {
			isa = PBXSourcesBuildPhase;
			buildActionMask = 2147483647;
			files = (
				A0F10FE21F9067BF00732A12 /* HomepageView.swift in Sources */,
				A0F10FDC1F90671500732A12 /* BaseModel.swift in Sources */,
				A0F10FDA1F9066F200732A12 /* InfoModel.swift in Sources */,
				68755B1C1F904F4C00898284 /* ViewController.swift in Sources */,
				68755B221F904F4C00898284 /* Gdims.xcdatamodeld in Sources */,
				68755B1A1F904F4C00898284 /* AppDelegate.swift in Sources */,
				A0F10FDE1F90674C00732A12 /* Api.swift in Sources */,
				A0F10FE01F90677300732A12 /* UserDefaultUtils.swift in Sources */,
				A0F10FD81F9066CD00732A12 /* InfoRealm.swift in Sources */,
			);
			runOnlyForDeploymentPostprocessing = 0;
		};
/* End PBXSourcesBuildPhase section */

/* Begin PBXVariantGroup section */
		68755B1D1F904F4C00898284 /* Main.storyboard */ = {
			isa = PBXVariantGroup;
			children = (
				68755B1E1F904F4C00898284 /* Base */,
			);
			name = Main.storyboard;
			sourceTree = "<group>";
		};
		68755B251F904F4D00898284 /* LaunchScreen.storyboard */ = {
			isa = PBXVariantGroup;
			children = (
				68755B261F904F4D00898284 /* Base */,
			);
			name = LaunchScreen.storyboard;
			sourceTree = "<group>";
		};
/* End PBXVariantGroup section */

/* Begin XCBuildConfiguration section */
		68755B291F904F4D00898284 /* Debug */ = {
			isa = XCBuildConfiguration;
			buildSettings = {
				ALWAYS_SEARCH_USER_PATHS = NO;
				CLANG_ANALYZER_NONNULL = YES;
				CLANG_ANALYZER_NUMBER_OBJECT_CONVERSION = YES_AGGRESSIVE;
				CLANG_CXX_LANGUAGE_STANDARD = "gnu++14";
				CLANG_CXX_LIBRARY = "libc++";
				CLANG_ENABLE_MODULES = YES;
				CLANG_ENABLE_OBJC_ARC = YES;
				CLANG_WARN_BLOCK_CAPTURE_AUTORELEASING = YES;
				CLANG_WARN_BOOL_CONVERSION = YES;
				CLANG_WARN_COMMA = YES;
				CLANG_WARN_CONSTANT_CONVERSION = YES;
				CLANG_WARN_DIRECT_OBJC_ISA_USAGE = YES_ERROR;
				CLANG_WARN_DOCUMENTATION_COMMENTS = YES;
				CLANG_WARN_EMPTY_BODY = YES;
				CLANG_WARN_ENUM_CONVERSION = YES;
				CLANG_WARN_INFINITE_RECURSION = YES;
				CLANG_WARN_INT_CONVERSION = YES;
				CLANG_WARN_NON_LITERAL_NULL_CONVERSION = YES;
				CLANG_WARN_OBJC_LITERAL_CONVERSION = YES;
				CLANG_WARN_OBJC_ROOT_CLASS = YES_ERROR;
				CLANG_WARN_RANGE_LOOP_ANALYSIS = YES;
				CLANG_WARN_STRICT_PROTOTYPES = YES;
				CLANG_WARN_SUSPICIOUS_MOVE = YES;
				CLANG_WARN_UNGUARDED_AVAILABILITY = YES_AGGRESSIVE;
				CLANG_WARN_UNREACHABLE_CODE = YES;
				CLANG_WARN__DUPLICATE_METHOD_MATCH = YES;
				CODE_SIGN_IDENTITY = "iPhone Developer";
				COPY_PHASE_STRIP = NO;
				DEBUG_INFORMATION_FORMAT = dwarf;
				ENABLE_STRICT_OBJC_MSGSEND = YES;
				ENABLE_TESTABILITY = YES;
				GCC_C_LANGUAGE_STANDARD = gnu11;
				GCC_DYNAMIC_NO_PIC = NO;
				GCC_NO_COMMON_BLOCKS = YES;
				GCC_OPTIMIZATION_LEVEL = 0;
				GCC_PREPROCESSOR_DEFINITIONS = (
					"DEBUG=1",
					"$(inherited)",
				);
				GCC_WARN_64_TO_32_BIT_CONVERSION = YES;
				GCC_WARN_ABOUT_RETURN_TYPE = YES_ERROR;
				GCC_WARN_UNDECLARED_SELECTOR = YES;
				GCC_WARN_UNINITIALIZED_AUTOS = YES_AGGRESSIVE;
				GCC_WARN_UNUSED_FUNCTION = YES;
				GCC_WARN_UNUSED_VARIABLE = YES;
				IPHONEOS_DEPLOYMENT_TARGET = 11.0;
				MTL_ENABLE_DEBUG_INFO = YES;
				ONLY_ACTIVE_ARCH = YES;
				SDKROOT = iphoneos;
				SWIFT_ACTIVE_COMPILATION_CONDITIONS = DEBUG;
				SWIFT_OPTIMIZATION_LEVEL = "-Onone";
			};
			name = Debug;
		};
		68755B2A1F904F4D00898284 /* Release */ = {
			isa = XCBuildConfiguration;
			buildSettings = {
				ALWAYS_SEARCH_USER_PATHS = NO;
				CLANG_ANALYZER_NONNULL = YES;
				CLANG_ANALYZER_NUMBER_OBJECT_CONVERSION = YES_AGGRESSIVE;
				CLANG_CXX_LANGUAGE_STANDARD = "gnu++14";
				CLANG_CXX_LIBRARY = "libc++";
				CLANG_ENABLE_MODULES = YES;
				CLANG_ENABLE_OBJC_ARC = YES;
				CLANG_WARN_BLOCK_CAPTURE_AUTORELEASING = YES;
				CLANG_WARN_BOOL_CONVERSION = YES;
				CLANG_WARN_COMMA = YES;
				CLANG_WARN_CONSTANT_CONVERSION = YES;
				CLANG_WARN_DIRECT_OBJC_ISA_USAGE = YES_ERROR;
				CLANG_WARN_DOCUMENTATION_COMMENTS = YES;
				CLANG_WARN_EMPTY_BODY = YES;
				CLANG_WARN_ENUM_CONVERSION = YES;
				CLANG_WARN_INFINITE_RECURSION = YES;
				CLANG_WARN_INT_CONVERSION = YES;
				CLANG_WARN_NON_LITERAL_NULL_CONVERSION = YES;
				CLANG_WARN_OBJC_LITERAL_CONVERSION = YES;
				CLANG_WARN_OBJC_ROOT_CLASS = YES_ERROR;
				CLANG_WARN_RANGE_LOOP_ANALYSIS = YES;
				CLANG_WARN_STRICT_PROTOTYPES = YES;
				CLANG_WARN_SUSPICIOUS_MOVE = YES;
				CLANG_WARN_UNGUARDED_AVAILABILITY = YES_AGGRESSIVE;
				CLANG_WARN_UNREACHABLE_CODE = YES;
				CLANG_WARN__DUPLICATE_METHOD_MATCH = YES;
				CODE_SIGN_IDENTITY = "iPhone Developer";
				COPY_PHASE_STRIP = NO;
				DEBUG_INFORMATION_FORMAT = "dwarf-with-dsym";
				ENABLE_NS_ASSERTIONS = NO;
				ENABLE_STRICT_OBJC_MSGSEND = YES;
				GCC_C_LANGUAGE_STANDARD = gnu11;
				GCC_NO_COMMON_BLOCKS = YES;
				GCC_WARN_64_TO_32_BIT_CONVERSION = YES;
				GCC_WARN_ABOUT_RETURN_TYPE = YES_ERROR;
				GCC_WARN_UNDECLARED_SELECTOR = YES;
				GCC_WARN_UNINITIALIZED_AUTOS = YES_AGGRESSIVE;
				GCC_WARN_UNUSED_FUNCTION = YES;
				GCC_WARN_UNUSED_VARIABLE = YES;
				IPHONEOS_DEPLOYMENT_TARGET = 11.0;
				MTL_ENABLE_DEBUG_INFO = NO;
				SDKROOT = iphoneos;
				SWIFT_OPTIMIZATION_LEVEL = "-Owholemodule";
				VALIDATE_PRODUCT = YES;
			};
			name = Release;
		};
		68755B2C1F904F4D00898284 /* Debug */ = {
			isa = XCBuildConfiguration;
			baseConfigurationReference = 1CCECCEC1803E61786B8B4BA /* Pods-Gdims.debug.xcconfig */;
			buildSettings = {
				ASSETCATALOG_COMPILER_APPICON_NAME = AppIcon;
				CODE_SIGN_STYLE = Automatic;
				DEVELOPMENT_TEAM = 2XFLGNB63J;
				INFOPLIST_FILE = Gdims/Info.plist;
				IPHONEOS_DEPLOYMENT_TARGET = 9.3;
				LD_RUNPATH_SEARCH_PATHS = "$(inherited) @executable_path/Frameworks";
				PRODUCT_BUNDLE_IDENTIFIER = com.nandi.Gdims;
				PRODUCT_NAME = "$(TARGET_NAME)";
				SWIFT_VERSION = 4.0;
				TARGETED_DEVICE_FAMILY = "1,2";
			};
			name = Debug;
		};
		68755B2D1F904F4D00898284 /* Release */ = {
			isa = XCBuildConfiguration;
			baseConfigurationReference = 64D376D776F5A7C86817B200 /* Pods-Gdims.release.xcconfig */;
			buildSettings = {
				ASSETCATALOG_COMPILER_APPICON_NAME = AppIcon;
				CODE_SIGN_STYLE = Automatic;
				DEVELOPMENT_TEAM = 2XFLGNB63J;
				INFOPLIST_FILE = Gdims/Info.plist;
				IPHONEOS_DEPLOYMENT_TARGET = 9.3;
				LD_RUNPATH_SEARCH_PATHS = "$(inherited) @executable_path/Frameworks";
				PRODUCT_BUNDLE_IDENTIFIER = com.nandi.Gdims;
				PRODUCT_NAME = "$(TARGET_NAME)";
				SWIFT_VERSION = 4.0;
				TARGETED_DEVICE_FAMILY = "1,2";
			};
			name = Release;
		};
/* End XCBuildConfiguration section */

/* Begin XCConfigurationList section */
		68755B111F904F4C00898284 /* Build configuration list for PBXProject "Gdims" */ = {
			isa = XCConfigurationList;
			buildConfigurations = (
				68755B291F904F4D00898284 /* Debug */,
				68755B2A1F904F4D00898284 /* Release */,
			);
			defaultConfigurationIsVisible = 0;
			defaultConfigurationName = Release;
		};
		68755B2B1F904F4D00898284 /* Build configuration list for PBXNativeTarget "Gdims" */ = {
			isa = XCConfigurationList;
			buildConfigurations = (
				68755B2C1F904F4D00898284 /* Debug */,
				68755B2D1F904F4D00898284 /* Release */,
			);
			defaultConfigurationIsVisible = 0;
			defaultConfigurationName = Release;
		};
/* End XCConfigurationList section */

/* Begin XCVersionGroup section */
		68755B201F904F4C00898284 /* Gdims.xcdatamodeld */ = {
			isa = XCVersionGroup;
			children = (
				68755B211F904F4C00898284 /* Gdims.xcdatamodel */,
			);
			currentVersion = 68755B211F904F4C00898284 /* Gdims.xcdatamodel */;
			path = Gdims.xcdatamodeld;
			sourceTree = "<group>";
			versionGroupType = wrapper.xcdatamodel;
		};
/* End XCVersionGroup section */
	};
	rootObject = 68755B0E1F904F4C00898284 /* Project object */;
}
